{
  "version": "0.5.0",
  "archive_hashes": {
    "macosx_11_0": {
      "aarch64": {
        "llvm": "sha256:8b4feaebff585e3ec809f3bfb774664b9f5043d8cb9a7cbdc3ed480bbd971572"
      },
      "x86_64": {
        "llvm": "sha256:98d8dc9e50db42ad469c8155a23051ce08363f22686dd0554a40981935eb328c"
      }
    },
    "manylinux_2_28": {
      "aarch64": {
        "llvm": "sha256:a624d6477f796554e1c5ba050cab5d5a624e034172c0dff267282e166730ddf1"
      },
      "x86_64": {
        "llvm": "sha256:07f18471229cf8aa3d2b253a9a6510a51d72f56e82c755cdd5c5861aa3852c69"
      }
    },
    "win": {
      "amd64": {
        "llvm": "sha256:eeb7e7090d92ddbca0f149217dcdae9454c12e058e6182075e10d51de6cd1174"
      }
    }
  },
  "hashes": {
    "macosx_11_0": {
      "aarch64": {
        "llvm": "sha256-vAyAnlsZcTbddA/pZZR3n1TP6ZWi2AEL9lFsfSqoGIo=",
        "tket": "sha256-+YbO4aE+3HM5di09cnNpvaLKM/8yg5hvvuzQL5xCa+g="
      },
      "x86_64": {
        "llvm": "sha256-yxaf4SZQFikmUfy5v3OxnKAhbCxn+xTXTwVu8GeZKrg=",
        "tket": "sha256-goKko59ADWtZvlpDI4lJBuixVk/qzhafhNH/i1Ir2wQ="
      }
    },
    "manylinux_2_28": {
      "aarch64": {
        "llvm": "sha256-f3/vh+VGPVvLDRgYUlnOaCXGKokh+seBuZ2SUN7514k=",
        "tket": "sha256-BUOI/FEZ3p6XDOqKOVKWDDm5qMD5Cs2ghWxd5wXk8Nc="
      },
      "x86_64": {
        "llvm": "sha256-xF5Mg5/qrnn2HtWDnp9s1RK0SeyHjgkMHWZgHKRxjIQ=",
        "tket": "sha256-q5dXP1Fiq3tcHhE3lYQO9CYFoZzAPXCI5BWrT4HKrNo="
      }
    },
    "win": {
      "amd64": {
        "llvm": "sha256-e41NcJtwyz8iqKgs0y09T123q8FIzeqe2ARuwom1Fl4=",
        "tket": "sha256-bcY00WM56lsRMzgXfOgHZx/PZ4xeGT1KauMpHheAMTo="
      }
    }
  }
}
